
Microsoft Visual Studio Solution File, Format Version 12.00
# Visual Studio Version 17
VisualStudioVersion = 17.8.34112.27
MinimumVisualStudioVersion = 10.0.40219.1
Project("{FAE04EC0-301F-11D3-BF4B-00C04F79EFBC}") = "impiccatoGUI", "impiccatoGUI\impiccatoGUI.csproj", "{76956CAA-AC05-440C-BAB4-D356281A3052}"
EndProject
Global
	GlobalSection(SolutionConfigurationPlatforms) = preSolution
		Debug|Any CPU = Debug|Any CPU
		Release|Any CPU = Release|Any CPU
	EndGlobalSection
	GlobalSection(ProjectConfigurationPlatforms) = postSolution
		{76956CAA-AC05-440C-BAB4-D356281A3052}.Debug|Any CPU.ActiveCfg = Debug|Any CPU
		{76956CAA-AC05-440C-BAB4-D356281A3052}.Debug|Any CPU.Build.0 = Debug|Any CPU
		{76956CAA-AC05-440C-BAB4-D356281A3052}.Release|Any CPU.ActiveCfg = Release|Any CPU
		{76956CAA-AC05-440C-BAB4-D356281A3052}.Release|Any CPU.Build.0 = Release|Any CPU
	EndGlobalSection
	GlobalSection(SolutionProperties) = preSolution
		HideSolutionNode = FALSE
	EndGlobalSection
	GlobalSection(ExtensibilityGlobals) = postSolution
		SolutionGuid = {19228F9F-3E70-40A0-B086-21CB0B5321F5}
	EndGlobalSection
EndGlobal
